
Microsoft Visual Studio Solution File, Format Version 12.00
# Visual Studio 14
VisualStudioVersion = 14.0.25420.1
MinimumVisualStudioVersion = 10.0.40219.1
Project("{2150E333-8FDC-42A3-9474-1A3956D46DE8}") = "Solution Items", "Solution Items", "{5E27FEC8-DF13-45DE-A76E-5CFF8E34257F}"
	ProjectSection(SolutionItems) = preProject
		readme.md = readme.md
	EndProjectSection
EndProject
Project("{FAE04EC0-301F-11D3-BF4B-00C04F79EFBC}") = "LSL.DynamicConfigFile", "LSL.DynamicConfigFile\LSL.DynamicConfigFile.csproj", "{F0CFE49B-21C2-43EC-9B9B-11ACE2DD10A4}"
EndProject
Project("{FAE04EC0-301F-11D3-BF4B-00C04F79EFBC}") = "LSL.DynamicConfigFile.Tests", "LSL.DynamicConfigFile.Tests\LSL.DynamicConfigFile.Tests.csproj", "{8AC4954C-B27C-492C-82C8-7DF4B6005A2F}"
EndProject
Global
	GlobalSection(SolutionConfigurationPlatforms) = preSolution
		Debug|Any CPU = Debug|Any CPU
		Release|Any CPU = Release|Any CPU
	EndGlobalSection
	GlobalSection(ProjectConfigurationPlatforms) = postSolution
		{F0CFE49B-21C2-43EC-9B9B-11ACE2DD10A4}.Debug|Any CPU.ActiveCfg = Debug|Any CPU
		{F0CFE49B-21C2-43EC-9B9B-11ACE2DD10A4}.Debug|Any CPU.Build.0 = Debug|Any CPU
		{F0CFE49B-21C2-43EC-9B9B-11ACE2DD10A4}.Release|Any CPU.ActiveCfg = Release|Any CPU
		{F0CFE49B-21C2-43EC-9B9B-11ACE2DD10A4}.Release|Any CPU.Build.0 = Release|Any CPU
		{8AC4954C-B27C-492C-82C8-7DF4B6005A2F}.Debug|Any CPU.ActiveCfg = Debug|Any CPU
		{8AC4954C-B27C-492C-82C8-7DF4B6005A2F}.Debug|Any CPU.Build.0 = Debug|Any CPU
		{8AC4954C-B27C-492C-82C8-7DF4B6005A2F}.Release|Any CPU.ActiveCfg = Release|Any CPU
		{8AC4954C-B27C-492C-82C8-7DF4B6005A2F}.Release|Any CPU.Build.0 = Release|Any CPU
	EndGlobalSection
	GlobalSection(SolutionProperties) = preSolution
		HideSolutionNode = FALSE
	EndGlobalSection
EndGlobal
